
Microsoft Visual Studio Solution File, Format Version 12.00
# Visual Studio Version 16
VisualStudioVersion = 16.0.30225.117
MinimumVisualStudioVersion = 10.0.40219.1
Project("{FAE04EC0-301F-11D3-BF4B-00C04F79EFBC}") = "ScooterRental", "ScooterRental.csproj", "{0120B154-F11E-4451-B7FD-FDA94F17D401}"
EndProject
Project("{FAE04EC0-301F-11D3-BF4B-00C04F79EFBC}") = "ScooterRental.Tests", "..\ScooterRental.Tests\ScooterRental.Tests.csproj", "{51B4358B-B67F-45AD-9A3A-9455B32ACE6A}"
EndProject
Global
	GlobalSection(SolutionConfigurationPlatforms) = preSolution
		Debug|Any CPU = Debug|Any CPU
		Release|Any CPU = Release|Any CPU
	EndGlobalSection
	GlobalSection(ProjectConfigurationPlatforms) = postSolution
		{0120B154-F11E-4451-B7FD-FDA94F17D401}.Debug|Any CPU.ActiveCfg = Debug|Any CPU
		{0120B154-F11E-4451-B7FD-FDA94F17D401}.Debug|Any CPU.Build.0 = Debug|Any CPU
		{0120B154-F11E-4451-B7FD-FDA94F17D401}.Release|Any CPU.ActiveCfg = Release|Any CPU
		{0120B154-F11E-4451-B7FD-FDA94F17D401}.Release|Any CPU.Build.0 = Release|Any CPU
		{51B4358B-B67F-45AD-9A3A-9455B32ACE6A}.Debug|Any CPU.ActiveCfg = Debug|Any CPU
		{51B4358B-B67F-45AD-9A3A-9455B32ACE6A}.Debug|Any CPU.Build.0 = Debug|Any CPU
		{51B4358B-B67F-45AD-9A3A-9455B32ACE6A}.Release|Any CPU.ActiveCfg = Release|Any CPU
		{51B4358B-B67F-45AD-9A3A-9455B32ACE6A}.Release|Any CPU.Build.0 = Release|Any CPU
	EndGlobalSection
	GlobalSection(SolutionProperties) = preSolution
		HideSolutionNode = FALSE
	EndGlobalSection
	GlobalSection(ExtensibilityGlobals) = postSolution
		SolutionGuid = {D932D37D-45A1-477C-B155-1E2446E6EDB9}
	EndGlobalSection
EndGlobal
